// !$*UTF8*$!
{
	archiveVersion = 1;
	classes = {
	};
	objectVersion = 46;
	objects = {

/* Begin PBXBuildFile section */
		977CA5081E7058B80093851E /* AppDelegate.swift in Sources */ = {isa = PBXBuildFile; fileRef = 977CA5071E7058B80093851E /* AppDelegate.swift */; };
		977CA50A1E7058B80093851E /* ViewController.swift in Sources */ = {isa = PBXBuildFile; fileRef = 977CA5091E7058B80093851E /* ViewController.swift */; };
		977CA50D1E7058B80093851E /* Main.storyboard in Resources */ = {isa = PBXBuildFile; fileRef = 977CA50B1E7058B80093851E /* Main.storyboard */; };
		977CA50F1E7058B80093851E /* Assets.xcassets in Resources */ = {isa = PBXBuildFile; fileRef = 977CA50E1E7058B80093851E /* Assets.xcassets */; };
		977CA5121E7058B80093851E /* LaunchScreen.storyboard in Resources */ = {isa = PBXBuildFile; fileRef = 977CA5101E7058B80093851E /* LaunchScreen.storyboard */; };
		977CA51A1E7059600093851E /* Facade.swift in Sources */ = {isa = PBXBuildFile; fileRef = 977CA5191E7059600093851E /* Facade.swift */; };
		977CA51C1E70F9F70093851E /* Fund.swift in Sources */ = {isa = PBXBuildFile; fileRef = 977CA51B1E70F9F70093851E /* Fund.swift */; };
/* End PBXBuildFile section */

/* Begin PBXFileReference section */
		977CA5041E7058B80093851E /* Facade.app */ = {isa = PBXFileReference; explicitFileType = wrapper.application; includeInIndex = 0; path = Facade.app; sourceTree = BUILT_PRODUCTS_DIR; };
		977CA5071E7058B80093851E /* AppDelegate.swift */ = {isa = PBXFileReference; lastKnownFileType = sourcecode.swift; path = AppDelegate.swift; sourceTree = "<group>"; };
		977CA5091E7058B80093851E /* ViewController.swift */ = {isa = PBXFileReference; lastKnownFileType = sourcecode.swift; path = ViewController.swift; sourceTree = "<group>"; };
		977CA50C1E7058B80093851E /* Base */ = {isa = PBXFileReference; lastKnownFileType = file.storyboard; name = Base; path = Base.lproj/Main.storyboard; sourceTree = "<group>"; };
		977CA50E1E7058B80093851E /* Assets.xcassets */ = {isa = PBXFileReference; lastKnownFileType = folder.assetcatalog; path = Assets.xcassets; sourceTree = "<group>"; };
		977CA5111E7058B80093851E /* Base */ = {isa = PBXFileReference; lastKnownFileType = file.storyboard; name = Base; path = Base.lproj/LaunchScreen.storyboard; sourceTree = "<group>"; };
		977CA5131E7058B80093851E /* Info.plist */ = {isa = PBXFileReference; lastKnownFileType = text.plist.xml; path = Info.plist; sourceTree = "<group>"; };
		977CA5191E7059600093851E /* Facade.swift */ = {isa = PBXFileReference; fileEncoding = 4; lastKnownFileType = sourcecode.swift; path = Facade.swift; sourceTree = "<group>"; };
		977CA51B1E70F9F70093851E /* Fund.swift */ = {isa = PBXFileReference; fileEncoding = 4; lastKnownFileType = sourcecode.swift; path = Fund.swift; sourceTree = "<group>"; };
/* End PBXFileReference section */

/* Begin PBXFrameworksBuildPhase section */
		977CA5011E7058B80093851E /* Frameworks */ = {
			isa = PBXFrameworksBuildPhase;
			buildActionMask = 2147483647;
			files = (
			);
			runOnlyForDeploymentPostprocessing = 0;
		};
/* End PBXFrameworksBuildPhase section */

/* Begin PBXGroup section */
		977CA4FB1E7058B80093851E = {
			isa = PBXGroup;
			children = (
				977CA5061E7058B80093851E /* Facade */,
				977CA5051E7058B80093851E /* Products */,
			);
			sourceTree = "<group>";
		};
		977CA5051E7058B80093851E /* Products */ = {
			isa = PBXGroup;
			children = (
				977CA5041E7058B80093851E /* Facade.app */,
			);
			name = Products;
			sourceTree = "<group>";
		};
		977CA5061E7058B80093851E /* Facade */ = {
			isa = PBXGroup;
			children = (
				977CA5191E7059600093851E /* Facade.swift */,
				977CA51B1E70F9F70093851E /* Fund.swift */,
				977CA5071E7058B80093851E /* AppDelegate.swift */,
				977CA5091E7058B80093851E /* ViewController.swift */,
				977CA50B1E7058B80093851E /* Main.storyboard */,
				977CA50E1E7058B80093851E /* Assets.xcassets */,
				977CA5101E7058B80093851E /* LaunchScreen.storyboard */,
				977CA5131E7058B80093851E /* Info.plist */,
			);
			path = Facade;
			sourceTree = "<group>";
		};
/* End PBXGroup section */

/* Begin PBXNativeTarget section */
		977CA5031E7058B80093851E /* Facade */ = {
			isa = PBXNativeTarget;
			buildConfigurationList = 977CA5161E7058B80093851E /* Build configuration list for PBXNativeTarget "Facade" */;
			buildPhases = (
				977CA5001E7058B80093851E /* Sources */,
				977CA5011E7058B80093851E /* Frameworks */,
				977CA5021E7058B80093851E /* Resources */,
			);
			buildRules = (
			);
			dependencies = (
			);
			name = Facade;
			productName = Facade;
			productReference = 977CA5041E7058B80093851E /* Facade.app */;
			productType = "com.apple.product-type.application";
		};
/* End PBXNativeTarget section */

/* Begin PBXProject section */
		977CA4FC1E7058B80093851E /* Project object */ = {
			isa = PBXProject;
			attributes = {
				LastSwiftUpdateCheck = 0820;
				LastUpgradeCheck = 0820;
				ORGANIZATIONNAME = "王崇磊";
				TargetAttributes = {
					977CA5031E7058B80093851E = {
						CreatedOnToolsVersion = 8.2.1;
						DevelopmentTeam = 464B6RYLBK;
						ProvisioningStyle = Automatic;
					};
				};
			};
			buildConfigurationList = 977CA4FF1E7058B80093851E /* Build configuration list for PBXProject "Facade" */;
			compatibilityVersion = "Xcode 3.2";
			developmentRegion = English;
			hasScannedForEncodings = 0;
			knownRegions = (
				en,
				Base,
			);
			mainGroup = 977CA4FB1E7058B80093851E;
			productRefGroup = 977CA5051E7058B80093851E /* Products */;
			projectDirPath = "";
			projectRoot = "";
			targets = (
				977CA5031E7058B80093851E /* Facade */,
			);
		};
/* End PBXProject section */

/* Begin PBXResourcesBuildPhase section */
		977CA5021E7058B80093851E /* Resources */ = {
			isa = PBXResourcesBuildPhase;
			buildActionMask = 2147483647;
			files = (
				977CA5121E7058B80093851E /* LaunchScreen.storyboard in Resources */,
				977CA50F1E7058B80093851E /* Assets.xcassets in Resources */,
				977CA50D1E7058B80093851E /* Main.storyboard in Resources */,
			);
			runOnlyForDeploymentPostprocessing = 0;
		};
/* End PBXResourcesBuildPhase section */

/* Begin PBXSourcesBuildPhase section */
		977CA5001E7058B80093851E /* Sources */ = {
			isa = PBXSourcesBuildPhase;
			buildActionMask = 2147483647;
			files = (
				977CA51A1E7059600093851E /* Facade.swift in Sources */,
				977CA50A1E7058B80093851E /* ViewController.swift in Sources */,
				977CA51C1E70F9F70093851E /* Fund.swift in Sources */,
				977CA5081E7058B80093851E /* AppDelegate.swift in Sources */,
			);
			runOnlyForDeploymentPostprocessing = 0;
		};
/* End PBXSourcesBuildPhase section */

/* Begin PBXVariantGroup section */
		977CA50B1E7058B80093851E /* Main.storyboard */ = {
			isa = PBXVariantGroup;
			children = (
				977CA50C1E7058B80093851E /* Base */,
			);
			name = Main.storyboard;
			sourceTree = "<group>";
		};
		977CA5101E7058B80093851E /* LaunchScreen.storyboard */ = {
			isa = PBXVariantGroup;
			children = (
				977CA5111E7058B80093851E /* Base */,
			);
			name = LaunchScreen.storyboard;
			sourceTree = "<group>";
		};
/* End PBXVariantGroup section */

/* Begin XCBuildConfiguration section */
		977CA5141E7058B80093851E /* Debug */ = {
			isa = XCBuildConfiguration;
			buildSettings = {
				ALWAYS_SEARCH_USER_PATHS = NO;
				CLANG_ANALYZER_NONNULL = YES;
				CLANG_CXX_LANGUAGE_STANDARD = "gnu++0x";
				CLANG_CXX_LIBRARY = "libc++";
				CLANG_ENABLE_MODULES = YES;
				CLANG_ENABLE_OBJC_ARC = YES;
				CLANG_WARN_BOOL_CONVERSION = YES;
				CLANG_WARN_CONSTANT_CONVERSION = YES;
				CLANG_WARN_DIRECT_OBJC_ISA_USAGE = YES_ERROR;
				CLANG_WARN_DOCUMENTATION_COMMENTS = YES;
				CLANG_WARN_EMPTY_BODY = YES;
				CLANG_WARN_ENUM_CONVERSION = YES;
				CLANG_WARN_INFINITE_RECURSION = YES;
				CLANG_WARN_INT_CONVERSION = YES;
				CLANG_WARN_OBJC_ROOT_CLASS = YES_ERROR;
				CLANG_WARN_SUSPICIOUS_MOVE = YES;
				CLANG_WARN_UNREACHABLE_CODE = YES;
				CLANG_WARN__DUPLICATE_METHOD_MATCH = YES;
				"CODE_SIGN_IDENTITY[sdk=iphoneos*]" = "iPhone Developer";
				COPY_PHASE_STRIP = NO;
				DEBUG_INFORMATION_FORMAT = dwarf;
				ENABLE_STRICT_OBJC_MSGSEND = YES;
				ENABLE_TESTABILITY = YES;
				GCC_C_LANGUAGE_STANDARD = gnu99;
				GCC_DYNAMIC_NO_PIC = NO;
				GCC_NO_COMMON_BLOCKS = YES;
				GCC_OPTIMIZATION_LEVEL = 0;
				GCC_PREPROCESSOR_DEFINITIONS = (
					"DEBUG=1",
					"$(inherited)",
				);
				GCC_WARN_64_TO_32_BIT_CONVERSION = YES;
				GCC_WARN_ABOUT_RETURN_TYPE = YES_ERROR;
				GCC_WARN_UNDECLARED_SELECTOR = YES;
				GCC_WARN_UNINITIALIZED_AUTOS = YES_AGGRESSIVE;
				GCC_WARN_UNUSED_FUNCTION = YES;
				GCC_WARN_UNUSED_VARIABLE = YES;
				IPHONEOS_DEPLOYMENT_TARGET = 10.2;
				MTL_ENABLE_DEBUG_INFO = YES;
				ONLY_ACTIVE_ARCH = YES;
				SDKROOT = iphoneos;
				SWIFT_ACTIVE_COMPILATION_CONDITIONS = DEBUG;
				SWIFT_OPTIMIZATION_LEVEL = "-Onone";
				TARGETED_DEVICE_FAMILY = "1,2";
			};
			name = Debug;
		};
		977CA5151E7058B80093851E /* Release */ = {
			isa = XCBuildConfiguration;
			buildSettings = {
				ALWAYS_SEARCH_USER_PATHS = NO;
				CLANG_ANALYZER_NONNULL = YES;
				CLANG_CXX_LANGUAGE_STANDARD = "gnu++0x";
				CLANG_CXX_LIBRARY = "libc++";
				CLANG_ENABLE_MODULES = YES;
				CLANG_ENABLE_OBJC_ARC = YES;
				CLANG_WARN_BOOL_CONVERSION = YES;
				CLANG_WARN_CONSTANT_CONVERSION = YES;
				CLANG_WARN_DIRECT_OBJC_ISA_USAGE = YES_ERROR;
				CLANG_WARN_DOCUMENTATION_COMMENTS = YES;
				CLANG_WARN_EMPTY_BODY = YES;
				CLANG_WARN_ENUM_CONVERSION = YES;
				CLANG_WARN_INFINITE_RECURSION = YES;
				CLANG_WARN_INT_CONVERSION = YES;
				CLANG_WARN_OBJC_ROOT_CLASS = YES_ERROR;
				CLANG_WARN_SUSPICIOUS_MOVE = YES;
				CLANG_WARN_UNREACHABLE_CODE = YES;
				CLANG_WARN__DUPLICATE_METHOD_MATCH = YES;
				"CODE_SIGN_IDENTITY[sdk=iphoneos*]" = "iPhone Developer";
				COPY_PHASE_STRIP = NO;
				DEBUG_INFORMATION_FORMAT = "dwarf-with-dsym";
				ENABLE_NS_ASSERTIONS = NO;
				ENABLE_STRICT_OBJC_MSGSEND = YES;
				GCC_C_LANGUAGE_STANDARD = gnu99;
				GCC_NO_COMMON_BLOCKS = YES;
				GCC_WARN_64_TO_32_BIT_CONVERSION = YES;
				GCC_WARN_ABOUT_RETURN_TYPE = YES_ERROR;
				GCC_WARN_UNDECLARED_SELECTOR = YES;
				GCC_WARN_UNINITIALIZED_AUTOS = YES_AGGRESSIVE;
				GCC_WARN_UNUSED_FUNCTION = YES;
				GCC_WARN_UNUSED_VARIABLE = YES;
				IPHONEOS_DEPLOYMENT_TARGET = 10.2;
				MTL_ENABLE_DEBUG_INFO = NO;
				SDKROOT = iphoneos;
				SWIFT_OPTIMIZATION_LEVEL = "-Owholemodule";
				TARGETED_DEVICE_FAMILY = "1,2";
				VALIDATE_PRODUCT = YES;
			};
			name = Release;
		};
		977CA5171E7058B80093851E /* Debug */ = {
			isa = XCBuildConfiguration;
			buildSettings = {
				ASSETCATALOG_COMPILER_APPICON_NAME = AppIcon;
				DEVELOPMENT_TEAM = 464B6RYLBK;
				INFOPLIST_FILE = Facade/Info.plist;
				LD_RUNPATH_SEARCH_PATHS = "$(inherited) @executable_path/Frameworks";
				PRODUCT_BUNDLE_IDENTIFIER = WCL.Facade;
				PRODUCT_NAME = "$(TARGET_NAME)";
				SWIFT_VERSION = 3.0;
			};
			name = Debug;
		};
		977CA5181E7058B80093851E /* Release */ = {
			isa = XCBuildConfiguration;
			buildSettings = {
				ASSETCATALOG_COMPILER_APPICON_NAME = AppIcon;
				DEVELOPMENT_TEAM = 464B6RYLBK;
				INFOPLIST_FILE = Facade/Info.plist;
				LD_RUNPATH_SEARCH_PATHS = "$(inherited) @executable_path/Frameworks";
				PRODUCT_BUNDLE_IDENTIFIER = WCL.Facade;
				PRODUCT_NAME = "$(TARGET_NAME)";
				SWIFT_VERSION = 3.0;
			};
			name = Release;
		};
/* End XCBuildConfiguration section */

/* Begin XCConfigurationList section */
		977CA4FF1E7058B80093851E /* Build configuration list for PBXProject "Facade" */ = {
			isa = XCConfigurationList;
			buildConfigurations = (
				977CA5141E7058B80093851E /* Debug */,
				977CA5151E7058B80093851E /* Release */,
			);
			defaultConfigurationIsVisible = 0;
			defaultConfigurationName = Release;
		};
		977CA5161E7058B80093851E /* Build configuration list for PBXNativeTarget "Facade" */ = {
			isa = XCConfigurationList;
			buildConfigurations = (
				977CA5171E7058B80093851E /* Debug */,
				977CA5181E7058B80093851E /* Release */,
			);
			defaultConfigurationIsVisible = 0;
		};
/* End XCConfigurationList section */
	};
	rootObject = 977CA4FC1E7058B80093851E /* Project object */;
}
