// !$*UTF8*$!
{
	archiveVersion = 1;
	classes = {
	};
	objectVersion = 46;
	objects = {

/* Begin PBXBuildFile section */
		977897E51E5EE88200D1A281 /* AppDelegate.swift in Sources */ = {isa = PBXBuildFile; fileRef = 977897E41E5EE88200D1A281 /* AppDelegate.swift */; };
		977897E71E5EE88200D1A281 /* ViewController.swift in Sources */ = {isa = PBXBuildFile; fileRef = 977897E61E5EE88200D1A281 /* ViewController.swift */; };
		977897EA1E5EE88200D1A281 /* Main.storyboard in Resources */ = {isa = PBXBuildFile; fileRef = 977897E81E5EE88200D1A281 /* Main.storyboard */; };
		977897EC1E5EE88200D1A281 /* Assets.xcassets in Resources */ = {isa = PBXBuildFile; fileRef = 977897EB1E5EE88200D1A281 /* Assets.xcassets */; };
		977897EF1E5EE88200D1A281 /* LaunchScreen.storyboard in Resources */ = {isa = PBXBuildFile; fileRef = 977897ED1E5EE88200D1A281 /* LaunchScreen.storyboard */; };
		977897F71E5EE89100D1A281 /* TemplateMethod.swift in Sources */ = {isa = PBXBuildFile; fileRef = 977897F61E5EE89100D1A281 /* TemplateMethod.swift */; };
		97D2CF151E5FF2AD001A190E /* TemplateTable.swift in Sources */ = {isa = PBXBuildFile; fileRef = 97D2CF141E5FF2AD001A190E /* TemplateTable.swift */; };
/* End PBXBuildFile section */

/* Begin PBXFileReference section */
		977897E11E5EE88200D1A281 /* TemplateMethod.app */ = {isa = PBXFileReference; explicitFileType = wrapper.application; includeInIndex = 0; path = TemplateMethod.app; sourceTree = BUILT_PRODUCTS_DIR; };
		977897E41E5EE88200D1A281 /* AppDelegate.swift */ = {isa = PBXFileReference; lastKnownFileType = sourcecode.swift; path = AppDelegate.swift; sourceTree = "<group>"; };
		977897E61E5EE88200D1A281 /* ViewController.swift */ = {isa = PBXFileReference; lastKnownFileType = sourcecode.swift; path = ViewController.swift; sourceTree = "<group>"; };
		977897E91E5EE88200D1A281 /* Base */ = {isa = PBXFileReference; lastKnownFileType = file.storyboard; name = Base; path = Base.lproj/Main.storyboard; sourceTree = "<group>"; };
		977897EB1E5EE88200D1A281 /* Assets.xcassets */ = {isa = PBXFileReference; lastKnownFileType = folder.assetcatalog; path = Assets.xcassets; sourceTree = "<group>"; };
		977897EE1E5EE88200D1A281 /* Base */ = {isa = PBXFileReference; lastKnownFileType = file.storyboard; name = Base; path = Base.lproj/LaunchScreen.storyboard; sourceTree = "<group>"; };
		977897F01E5EE88200D1A281 /* Info.plist */ = {isa = PBXFileReference; lastKnownFileType = text.plist.xml; path = Info.plist; sourceTree = "<group>"; };
		977897F61E5EE89100D1A281 /* TemplateMethod.swift */ = {isa = PBXFileReference; fileEncoding = 4; lastKnownFileType = sourcecode.swift; path = TemplateMethod.swift; sourceTree = "<group>"; };
		97D2CF141E5FF2AD001A190E /* TemplateTable.swift */ = {isa = PBXFileReference; fileEncoding = 4; lastKnownFileType = sourcecode.swift; path = TemplateTable.swift; sourceTree = "<group>"; };
/* End PBXFileReference section */

/* Begin PBXFrameworksBuildPhase section */
		977897DE1E5EE88200D1A281 /* Frameworks */ = {
			isa = PBXFrameworksBuildPhase;
			buildActionMask = 2147483647;
			files = (
			);
			runOnlyForDeploymentPostprocessing = 0;
		};
/* End PBXFrameworksBuildPhase section */

/* Begin PBXGroup section */
		977897D81E5EE88200D1A281 = {
			isa = PBXGroup;
			children = (
				977897E31E5EE88200D1A281 /* TemplateMethod */,
				977897E21E5EE88200D1A281 /* Products */,
			);
			sourceTree = "<group>";
		};
		977897E21E5EE88200D1A281 /* Products */ = {
			isa = PBXGroup;
			children = (
				977897E11E5EE88200D1A281 /* TemplateMethod.app */,
			);
			name = Products;
			sourceTree = "<group>";
		};
		977897E31E5EE88200D1A281 /* TemplateMethod */ = {
			isa = PBXGroup;
			children = (
				977897F61E5EE89100D1A281 /* TemplateMethod.swift */,
				97D2CF141E5FF2AD001A190E /* TemplateTable.swift */,
				977897E41E5EE88200D1A281 /* AppDelegate.swift */,
				977897E61E5EE88200D1A281 /* ViewController.swift */,
				977897E81E5EE88200D1A281 /* Main.storyboard */,
				977897EB1E5EE88200D1A281 /* Assets.xcassets */,
				977897ED1E5EE88200D1A281 /* LaunchScreen.storyboard */,
				977897F01E5EE88200D1A281 /* Info.plist */,
			);
			path = TemplateMethod;
			sourceTree = "<group>";
		};
/* End PBXGroup section */

/* Begin PBXNativeTarget section */
		977897E01E5EE88200D1A281 /* TemplateMethod */ = {
			isa = PBXNativeTarget;
			buildConfigurationList = 977897F31E5EE88200D1A281 /* Build configuration list for PBXNativeTarget "TemplateMethod" */;
			buildPhases = (
				977897DD1E5EE88200D1A281 /* Sources */,
				977897DE1E5EE88200D1A281 /* Frameworks */,
				977897DF1E5EE88200D1A281 /* Resources */,
			);
			buildRules = (
			);
			dependencies = (
			);
			name = TemplateMethod;
			productName = TemplateMethod;
			productReference = 977897E11E5EE88200D1A281 /* TemplateMethod.app */;
			productType = "com.apple.product-type.application";
		};
/* End PBXNativeTarget section */

/* Begin PBXProject section */
		977897D91E5EE88200D1A281 /* Project object */ = {
			isa = PBXProject;
			attributes = {
				LastSwiftUpdateCheck = 0820;
				LastUpgradeCheck = 0820;
				ORGANIZATIONNAME = "王崇磊";
				TargetAttributes = {
					977897E01E5EE88200D1A281 = {
						CreatedOnToolsVersion = 8.2.1;
						DevelopmentTeam = 464B6RYLBK;
						ProvisioningStyle = Automatic;
					};
				};
			};
			buildConfigurationList = 977897DC1E5EE88200D1A281 /* Build configuration list for PBXProject "TemplateMethod" */;
			compatibilityVersion = "Xcode 3.2";
			developmentRegion = English;
			hasScannedForEncodings = 0;
			knownRegions = (
				en,
				Base,
			);
			mainGroup = 977897D81E5EE88200D1A281;
			productRefGroup = 977897E21E5EE88200D1A281 /* Products */;
			projectDirPath = "";
			projectRoot = "";
			targets = (
				977897E01E5EE88200D1A281 /* TemplateMethod */,
			);
		};
/* End PBXProject section */

/* Begin PBXResourcesBuildPhase section */
		977897DF1E5EE88200D1A281 /* Resources */ = {
			isa = PBXResourcesBuildPhase;
			buildActionMask = 2147483647;
			files = (
				977897EF1E5EE88200D1A281 /* LaunchScreen.storyboard in Resources */,
				977897EC1E5EE88200D1A281 /* Assets.xcassets in Resources */,
				977897EA1E5EE88200D1A281 /* Main.storyboard in Resources */,
			);
			runOnlyForDeploymentPostprocessing = 0;
		};
/* End PBXResourcesBuildPhase section */

/* Begin PBXSourcesBuildPhase section */
		977897DD1E5EE88200D1A281 /* Sources */ = {
			isa = PBXSourcesBuildPhase;
			buildActionMask = 2147483647;
			files = (
				977897E71E5EE88200D1A281 /* ViewController.swift in Sources */,
				977897F71E5EE89100D1A281 /* TemplateMethod.swift in Sources */,
				97D2CF151E5FF2AD001A190E /* TemplateTable.swift in Sources */,
				977897E51E5EE88200D1A281 /* AppDelegate.swift in Sources */,
			);
			runOnlyForDeploymentPostprocessing = 0;
		};
/* End PBXSourcesBuildPhase section */

/* Begin PBXVariantGroup section */
		977897E81E5EE88200D1A281 /* Main.storyboard */ = {
			isa = PBXVariantGroup;
			children = (
				977897E91E5EE88200D1A281 /* Base */,
			);
			name = Main.storyboard;
			sourceTree = "<group>";
		};
		977897ED1E5EE88200D1A281 /* LaunchScreen.storyboard */ = {
			isa = PBXVariantGroup;
			children = (
				977897EE1E5EE88200D1A281 /* Base */,
			);
			name = LaunchScreen.storyboard;
			sourceTree = "<group>";
		};
/* End PBXVariantGroup section */

/* Begin XCBuildConfiguration section */
		977897F11E5EE88200D1A281 /* Debug */ = {
			isa = XCBuildConfiguration;
			buildSettings = {
				ALWAYS_SEARCH_USER_PATHS = NO;
				CLANG_ANALYZER_NONNULL = YES;
				CLANG_CXX_LANGUAGE_STANDARD = "gnu++0x";
				CLANG_CXX_LIBRARY = "libc++";
				CLANG_ENABLE_MODULES = YES;
				CLANG_ENABLE_OBJC_ARC = YES;
				CLANG_WARN_BOOL_CONVERSION = YES;
				CLANG_WARN_CONSTANT_CONVERSION = YES;
				CLANG_WARN_DIRECT_OBJC_ISA_USAGE = YES_ERROR;
				CLANG_WARN_DOCUMENTATION_COMMENTS = YES;
				CLANG_WARN_EMPTY_BODY = YES;
				CLANG_WARN_ENUM_CONVERSION = YES;
				CLANG_WARN_INFINITE_RECURSION = YES;
				CLANG_WARN_INT_CONVERSION = YES;
				CLANG_WARN_OBJC_ROOT_CLASS = YES_ERROR;
				CLANG_WARN_SUSPICIOUS_MOVE = YES;
				CLANG_WARN_UNREACHABLE_CODE = YES;
				CLANG_WARN__DUPLICATE_METHOD_MATCH = YES;
				"CODE_SIGN_IDENTITY[sdk=iphoneos*]" = "iPhone Developer";
				COPY_PHASE_STRIP = NO;
				DEBUG_INFORMATION_FORMAT = dwarf;
				ENABLE_STRICT_OBJC_MSGSEND = YES;
				ENABLE_TESTABILITY = YES;
				GCC_C_LANGUAGE_STANDARD = gnu99;
				GCC_DYNAMIC_NO_PIC = NO;
				GCC_NO_COMMON_BLOCKS = YES;
				GCC_OPTIMIZATION_LEVEL = 0;
				GCC_PREPROCESSOR_DEFINITIONS = (
					"DEBUG=1",
					"$(inherited)",
				);
				GCC_WARN_64_TO_32_BIT_CONVERSION = YES;
				GCC_WARN_ABOUT_RETURN_TYPE = YES_ERROR;
				GCC_WARN_UNDECLARED_SELECTOR = YES;
				GCC_WARN_UNINITIALIZED_AUTOS = YES_AGGRESSIVE;
				GCC_WARN_UNUSED_FUNCTION = YES;
				GCC_WARN_UNUSED_VARIABLE = YES;
				IPHONEOS_DEPLOYMENT_TARGET = 10.2;
				MTL_ENABLE_DEBUG_INFO = YES;
				ONLY_ACTIVE_ARCH = YES;
				SDKROOT = iphoneos;
				SWIFT_ACTIVE_COMPILATION_CONDITIONS = DEBUG;
				SWIFT_OPTIMIZATION_LEVEL = "-Onone";
				TARGETED_DEVICE_FAMILY = "1,2";
			};
			name = Debug;
		};
		977897F21E5EE88200D1A281 /* Release */ = {
			isa = XCBuildConfiguration;
			buildSettings = {
				ALWAYS_SEARCH_USER_PATHS = NO;
				CLANG_ANALYZER_NONNULL = YES;
				CLANG_CXX_LANGUAGE_STANDARD = "gnu++0x";
				CLANG_CXX_LIBRARY = "libc++";
				CLANG_ENABLE_MODULES = YES;
				CLANG_ENABLE_OBJC_ARC = YES;
				CLANG_WARN_BOOL_CONVERSION = YES;
				CLANG_WARN_CONSTANT_CONVERSION = YES;
				CLANG_WARN_DIRECT_OBJC_ISA_USAGE = YES_ERROR;
				CLANG_WARN_DOCUMENTATION_COMMENTS = YES;
				CLANG_WARN_EMPTY_BODY = YES;
				CLANG_WARN_ENUM_CONVERSION = YES;
				CLANG_WARN_INFINITE_RECURSION = YES;
				CLANG_WARN_INT_CONVERSION = YES;
				CLANG_WARN_OBJC_ROOT_CLASS = YES_ERROR;
				CLANG_WARN_SUSPICIOUS_MOVE = YES;
				CLANG_WARN_UNREACHABLE_CODE = YES;
				CLANG_WARN__DUPLICATE_METHOD_MATCH = YES;
				"CODE_SIGN_IDENTITY[sdk=iphoneos*]" = "iPhone Developer";
				COPY_PHASE_STRIP = NO;
				DEBUG_INFORMATION_FORMAT = "dwarf-with-dsym";
				ENABLE_NS_ASSERTIONS = NO;
				ENABLE_STRICT_OBJC_MSGSEND = YES;
				GCC_C_LANGUAGE_STANDARD = gnu99;
				GCC_NO_COMMON_BLOCKS = YES;
				GCC_WARN_64_TO_32_BIT_CONVERSION = YES;
				GCC_WARN_ABOUT_RETURN_TYPE = YES_ERROR;
				GCC_WARN_UNDECLARED_SELECTOR = YES;
				GCC_WARN_UNINITIALIZED_AUTOS = YES_AGGRESSIVE;
				GCC_WARN_UNUSED_FUNCTION = YES;
				GCC_WARN_UNUSED_VARIABLE = YES;
				IPHONEOS_DEPLOYMENT_TARGET = 10.2;
				MTL_ENABLE_DEBUG_INFO = NO;
				SDKROOT = iphoneos;
				SWIFT_OPTIMIZATION_LEVEL = "-Owholemodule";
				TARGETED_DEVICE_FAMILY = "1,2";
				VALIDATE_PRODUCT = YES;
			};
			name = Release;
		};
		977897F41E5EE88200D1A281 /* Debug */ = {
			isa = XCBuildConfiguration;
			buildSettings = {
				ASSETCATALOG_COMPILER_APPICON_NAME = AppIcon;
				DEVELOPMENT_TEAM = 464B6RYLBK;
				INFOPLIST_FILE = TemplateMethod/Info.plist;
				LD_RUNPATH_SEARCH_PATHS = "$(inherited) @executable_path/Frameworks";
				PRODUCT_BUNDLE_IDENTIFIER = WCL.TemplateMethod;
				PRODUCT_NAME = "$(TARGET_NAME)";
				SWIFT_VERSION = 3.0;
			};
			name = Debug;
		};
		977897F51E5EE88200D1A281 /* Release */ = {
			isa = XCBuildConfiguration;
			buildSettings = {
				ASSETCATALOG_COMPILER_APPICON_NAME = AppIcon;
				DEVELOPMENT_TEAM = 464B6RYLBK;
				INFOPLIST_FILE = TemplateMethod/Info.plist;
				LD_RUNPATH_SEARCH_PATHS = "$(inherited) @executable_path/Frameworks";
				PRODUCT_BUNDLE_IDENTIFIER = WCL.TemplateMethod;
				PRODUCT_NAME = "$(TARGET_NAME)";
				SWIFT_VERSION = 3.0;
			};
			name = Release;
		};
/* End XCBuildConfiguration section */

/* Begin XCConfigurationList section */
		977897DC1E5EE88200D1A281 /* Build configuration list for PBXProject "TemplateMethod" */ = {
			isa = XCConfigurationList;
			buildConfigurations = (
				977897F11E5EE88200D1A281 /* Debug */,
				977897F21E5EE88200D1A281 /* Release */,
			);
			defaultConfigurationIsVisible = 0;
			defaultConfigurationName = Release;
		};
		977897F31E5EE88200D1A281 /* Build configuration list for PBXNativeTarget "TemplateMethod" */ = {
			isa = XCConfigurationList;
			buildConfigurations = (
				977897F41E5EE88200D1A281 /* Debug */,
				977897F51E5EE88200D1A281 /* Release */,
			);
			defaultConfigurationIsVisible = 0;
			defaultConfigurationName = Release;
		};
/* End XCConfigurationList section */
	};
	rootObject = 977897D91E5EE88200D1A281 /* Project object */;
}
